// !$*UTF8*$!
{
	archiveVersion = 1;
	classes = {
	};
	objectVersion = 56;
	objects = {

/* Begin PBXBuildFile section */
		403710AA2BBA6DB800915C33 /* DataManager.swift in Sources */ = {isa = PBXBuildFile; fileRef = 403710A92BBA6DB800915C33 /* DataManager.swift */; };
		40D4912B2BACE80C00E94F57 /* AppDelegate.swift in Sources */ = {isa = PBXBuildFile; fileRef = 40D4912A2BACE80C00E94F57 /* AppDelegate.swift */; };
		40D4912D2BACE80C00E94F57 /* SceneDelegate.swift in Sources */ = {isa = PBXBuildFile; fileRef = 40D4912C2BACE80C00E94F57 /* SceneDelegate.swift */; };
		40D491322BACE80C00E94F57 /* Base in Resources */ = {isa = PBXBuildFile; fileRef = 40D491312BACE80C00E94F57 /* Base */; };
		40D491342BACE80D00E94F57 /* Assets.xcassets in Resources */ = {isa = PBXBuildFile; fileRef = 40D491332BACE80D00E94F57 /* Assets.xcassets */; };
		40D491372BACE80D00E94F57 /* Base in Resources */ = {isa = PBXBuildFile; fileRef = 40D491362BACE80D00E94F57 /* Base */; };
		40D491402BB09C6F00E94F57 /* Alamofire in Frameworks */ = {isa = PBXBuildFile; productRef = 40D4913F2BB09C6F00E94F57 /* Alamofire */; };
		40D491422BB09C6F00E94F57 /* AlamofireDynamic in Frameworks */ = {isa = PBXBuildFile; productRef = 40D491412BB09C6F00E94F57 /* AlamofireDynamic */; };
		40D491452BB09C7900E94F57 /* ParseSwift in Frameworks */ = {isa = PBXBuildFile; productRef = 40D491442BB09C7900E94F57 /* ParseSwift */; };
		40D491482BB09C8200E94F57 /* AlamofireImage in Frameworks */ = {isa = PBXBuildFile; productRef = 40D491472BB09C8200E94F57 /* AlamofireImage */; };
		40D4914C2BB0A35200E94F57 /* FeedViewController.swift in Sources */ = {isa = PBXBuildFile; fileRef = 40D4914B2BB0A35200E94F57 /* FeedViewController.swift */; };
		40D4914E2BB0A3B500E94F57 /* LoginViewController.swift in Sources */ = {isa = PBXBuildFile; fileRef = 40D4914D2BB0A3B500E94F57 /* LoginViewController.swift */; };
		40D491502BB0A3D200E94F57 /* SignUpViewController.swift in Sources */ = {isa = PBXBuildFile; fileRef = 40D4914F2BB0A3D200E94F57 /* SignUpViewController.swift */; };
		40D491522BB0A44700E94F57 /* PostCell.swift in Sources */ = {isa = PBXBuildFile; fileRef = 40D491512BB0A44700E94F57 /* PostCell.swift */; };
		40D491562BB0A4BE00E94F57 /* ViewController+Extensions.swift in Sources */ = {isa = PBXBuildFile; fileRef = 40D491552BB0A4BE00E94F57 /* ViewController+Extensions.swift */; };
		40D491592BB0A4EC00E94F57 /* User.swift in Sources */ = {isa = PBXBuildFile; fileRef = 40D491582BB0A4EC00E94F57 /* User.swift */; };
		40D4915B2BB0A4F500E94F57 /* Post.swift in Sources */ = {isa = PBXBuildFile; fileRef = 40D4915A2BB0A4F500E94F57 /* Post.swift */; };
		40D4915E2BB0A80D00E94F57 /* MakePostViewController.swift in Sources */ = {isa = PBXBuildFile; fileRef = 40D4915D2BB0A80D00E94F57 /* MakePostViewController.swift */; };
		40D491622BB0AAA800E94F57 /* ProfileViewController.swift in Sources */ = {isa = PBXBuildFile; fileRef = 40D491612BB0AAA800E94F57 /* ProfileViewController.swift */; };
/* End PBXBuildFile section */

/* Begin PBXFileReference section */
		403710A92BBA6DB800915C33 /* DataManager.swift */ = {isa = PBXFileReference; lastKnownFileType = sourcecode.swift; path = DataManager.swift; sourceTree = "<group>"; };
		40D491272BACE80C00E94F57 /* SportsMeetups.app */ = {isa = PBXFileReference; explicitFileType = wrapper.application; includeInIndex = 0; path = SportsMeetups.app; sourceTree = BUILT_PRODUCTS_DIR; };
		40D4912A2BACE80C00E94F57 /* AppDelegate.swift */ = {isa = PBXFileReference; lastKnownFileType = sourcecode.swift; path = AppDelegate.swift; sourceTree = "<group>"; };
		40D4912C2BACE80C00E94F57 /* SceneDelegate.swift */ = {isa = PBXFileReference; lastKnownFileType = sourcecode.swift; path = SceneDelegate.swift; sourceTree = "<group>"; };
		40D491312BACE80C00E94F57 /* Base */ = {isa = PBXFileReference; lastKnownFileType = file.storyboard; name = Base; path = Base.lproj/Main.storyboard; sourceTree = "<group>"; };
		40D491332BACE80D00E94F57 /* Assets.xcassets */ = {isa = PBXFileReference; lastKnownFileType = folder.assetcatalog; path = Assets.xcassets; sourceTree = "<group>"; };
		40D491362BACE80D00E94F57 /* Base */ = {isa = PBXFileReference; lastKnownFileType = file.storyboard; name = Base; path = Base.lproj/LaunchScreen.storyboard; sourceTree = "<group>"; };
		40D491382BACE80D00E94F57 /* Info.plist */ = {isa = PBXFileReference; lastKnownFileType = text.plist.xml; path = Info.plist; sourceTree = "<group>"; };
		40D4914B2BB0A35200E94F57 /* FeedViewController.swift */ = {isa = PBXFileReference; lastKnownFileType = sourcecode.swift; path = FeedViewController.swift; sourceTree = "<group>"; };
		40D4914D2BB0A3B500E94F57 /* LoginViewController.swift */ = {isa = PBXFileReference; lastKnownFileType = sourcecode.swift; path = LoginViewController.swift; sourceTree = "<group>"; };
		40D4914F2BB0A3D200E94F57 /* SignUpViewController.swift */ = {isa = PBXFileReference; lastKnownFileType = sourcecode.swift; path = SignUpViewController.swift; sourceTree = "<group>"; };
		40D491512BB0A44700E94F57 /* PostCell.swift */ = {isa = PBXFileReference; lastKnownFileType = sourcecode.swift; path = PostCell.swift; sourceTree = "<group>"; };
		40D491552BB0A4BE00E94F57 /* ViewController+Extensions.swift */ = {isa = PBXFileReference; lastKnownFileType = sourcecode.swift; path = "ViewController+Extensions.swift"; sourceTree = "<group>"; };
		40D491582BB0A4EC00E94F57 /* User.swift */ = {isa = PBXFileReference; lastKnownFileType = sourcecode.swift; path = User.swift; sourceTree = "<group>"; };
		40D4915A2BB0A4F500E94F57 /* Post.swift */ = {isa = PBXFileReference; lastKnownFileType = sourcecode.swift; path = Post.swift; sourceTree = "<group>"; };
		40D4915D2BB0A80D00E94F57 /* MakePostViewController.swift */ = {isa = PBXFileReference; lastKnownFileType = sourcecode.swift; path = MakePostViewController.swift; sourceTree = "<group>"; };
		40D491612BB0AAA800E94F57 /* ProfileViewController.swift */ = {isa = PBXFileReference; lastKnownFileType = sourcecode.swift; path = ProfileViewController.swift; sourceTree = "<group>"; };
/* End PBXFileReference section */

/* Begin PBXFrameworksBuildPhase section */
		40D491242BACE80C00E94F57 /* Frameworks */ = {
			isa = PBXFrameworksBuildPhase;
			buildActionMask = 2147483647;
			files = (
				40D491402BB09C6F00E94F57 /* Alamofire in Frameworks */,
				40D491482BB09C8200E94F57 /* AlamofireImage in Frameworks */,
				40D491452BB09C7900E94F57 /* ParseSwift in Frameworks */,
				40D491422BB09C6F00E94F57 /* AlamofireDynamic in Frameworks */,
			);
			runOnlyForDeploymentPostprocessing = 0;
		};
/* End PBXFrameworksBuildPhase section */

/* Begin PBXGroup section */
		40D4911E2BACE80C00E94F57 = {
			isa = PBXGroup;
			children = (
				40D491292BACE80C00E94F57 /* SportsMeetups */,
				40D491282BACE80C00E94F57 /* Products */,
			);
			sourceTree = "<group>";
		};
		40D491282BACE80C00E94F57 /* Products */ = {
			isa = PBXGroup;
			children = (
				40D491272BACE80C00E94F57 /* SportsMeetups.app */,
			);
			name = Products;
			sourceTree = "<group>";
		};
		40D491292BACE80C00E94F57 /* SportsMeetups */ = {
			isa = PBXGroup;
			children = (
				403710A92BBA6DB800915C33 /* DataManager.swift */,
				40D491512BB0A44700E94F57 /* PostCell.swift */,
				40D491552BB0A4BE00E94F57 /* ViewController+Extensions.swift */,
				40D4915C2BB0A4FD00E94F57 /* Classes */,
				40D491572BB0A4CC00E94F57 /* View Controllers */,
				40D4914A2BB09D1300E94F57 /* Delegates */,
				40D491302BACE80C00E94F57 /* Main.storyboard */,
				40D491332BACE80D00E94F57 /* Assets.xcassets */,
				40D491352BACE80D00E94F57 /* LaunchScreen.storyboard */,
				40D491382BACE80D00E94F57 /* Info.plist */,
			);
			path = SportsMeetups;
			sourceTree = "<group>";
		};
		40D4914A2BB09D1300E94F57 /* Delegates */ = {
			isa = PBXGroup;
			children = (
				40D4912A2BACE80C00E94F57 /* AppDelegate.swift */,
				40D4912C2BACE80C00E94F57 /* SceneDelegate.swift */,
			);
			path = Delegates;
			sourceTree = "<group>";
		};
		40D491572BB0A4CC00E94F57 /* View Controllers */ = {
			isa = PBXGroup;
			children = (
				40D4915D2BB0A80D00E94F57 /* MakePostViewController.swift */,
				40D4914F2BB0A3D200E94F57 /* SignUpViewController.swift */,
				40D4914D2BB0A3B500E94F57 /* LoginViewController.swift */,
				40D4914B2BB0A35200E94F57 /* FeedViewController.swift */,
				40D491612BB0AAA800E94F57 /* ProfileViewController.swift */,
			);
			path = "View Controllers";
			sourceTree = "<group>";
		};
		40D4915C2BB0A4FD00E94F57 /* Classes */ = {
			isa = PBXGroup;
			children = (
				40D4915A2BB0A4F500E94F57 /* Post.swift */,
				40D491582BB0A4EC00E94F57 /* User.swift */,
			);
			path = Classes;
			sourceTree = "<group>";
		};
/* End PBXGroup section */

/* Begin PBXNativeTarget section */
		40D491262BACE80C00E94F57 /* SportsMeetups */ = {
			isa = PBXNativeTarget;
			buildConfigurationList = 40D4913B2BACE80D00E94F57 /* Build configuration list for PBXNativeTarget "SportsMeetups" */;
			buildPhases = (
				40D491232BACE80C00E94F57 /* Sources */,
				40D491242BACE80C00E94F57 /* Frameworks */,
				40D491252BACE80C00E94F57 /* Resources */,
			);
			buildRules = (
			);
			dependencies = (
			);
			name = SportsMeetups;
			packageProductDependencies = (
				40D4913F2BB09C6F00E94F57 /* Alamofire */,
				40D491412BB09C6F00E94F57 /* AlamofireDynamic */,
				40D491442BB09C7900E94F57 /* ParseSwift */,
				40D491472BB09C8200E94F57 /* AlamofireImage */,
			);
			productName = SportsMeetups;
			productReference = 40D491272BACE80C00E94F57 /* SportsMeetups.app */;
			productType = "com.apple.product-type.application";
		};
/* End PBXNativeTarget section */

/* Begin PBXProject section */
		40D4911F2BACE80C00E94F57 /* Project object */ = {
			isa = PBXProject;
			attributes = {
				BuildIndependentTargetsInParallel = 1;
				LastSwiftUpdateCheck = 1530;
				LastUpgradeCheck = 1530;
				TargetAttributes = {
					40D491262BACE80C00E94F57 = {
						CreatedOnToolsVersion = 15.3;
					};
				};
			};
			buildConfigurationList = 40D491222BACE80C00E94F57 /* Build configuration list for PBXProject "SportsMeetups" */;
			compatibilityVersion = "Xcode 14.0";
			developmentRegion = en;
			hasScannedForEncodings = 0;
			knownRegions = (
				en,
				Base,
			);
			mainGroup = 40D4911E2BACE80C00E94F57;
			packageReferences = (
				40D4913E2BB09C6F00E94F57 /* XCRemoteSwiftPackageReference "Alamofire" */,
				40D491432BB09C7900E94F57 /* XCRemoteSwiftPackageReference "Parse-Swift" */,
				40D491462BB09C8200E94F57 /* XCRemoteSwiftPackageReference "AlamofireImage" */,
				40D491492BB09CBC00E94F57 /* XCRemoteSwiftPackageReference "Parse-SDK-iOS-OSX" */,
			);
			productRefGroup = 40D491282BACE80C00E94F57 /* Products */;
			projectDirPath = "";
			projectRoot = "";
			targets = (
				40D491262BACE80C00E94F57 /* SportsMeetups */,
			);
		};
/* End PBXProject section */

/* Begin PBXResourcesBuildPhase section */
		40D491252BACE80C00E94F57 /* Resources */ = {
			isa = PBXResourcesBuildPhase;
			buildActionMask = 2147483647;
			files = (
				40D491342BACE80D00E94F57 /* Assets.xcassets in Resources */,
				40D491372BACE80D00E94F57 /* Base in Resources */,
				40D491322BACE80C00E94F57 /* Base in Resources */,
			);
			runOnlyForDeploymentPostprocessing = 0;
		};
/* End PBXResourcesBuildPhase section */

/* Begin PBXSourcesBuildPhase section */
		40D491232BACE80C00E94F57 /* Sources */ = {
			isa = PBXSourcesBuildPhase;
			buildActionMask = 2147483647;
			files = (
				40D4915B2BB0A4F500E94F57 /* Post.swift in Sources */,
				403710AA2BBA6DB800915C33 /* DataManager.swift in Sources */,
				40D491522BB0A44700E94F57 /* PostCell.swift in Sources */,
				40D491502BB0A3D200E94F57 /* SignUpViewController.swift in Sources */,
				40D4915E2BB0A80D00E94F57 /* MakePostViewController.swift in Sources */,
				40D491562BB0A4BE00E94F57 /* ViewController+Extensions.swift in Sources */,
				40D4912B2BACE80C00E94F57 /* AppDelegate.swift in Sources */,
				40D4914C2BB0A35200E94F57 /* FeedViewController.swift in Sources */,
				40D4914E2BB0A3B500E94F57 /* LoginViewController.swift in Sources */,
				40D491622BB0AAA800E94F57 /* ProfileViewController.swift in Sources */,
				40D491592BB0A4EC00E94F57 /* User.swift in Sources */,
				40D4912D2BACE80C00E94F57 /* SceneDelegate.swift in Sources */,
			);
			runOnlyForDeploymentPostprocessing = 0;
		};
/* End PBXSourcesBuildPhase section */

/* Begin PBXVariantGroup section */
		40D491302BACE80C00E94F57 /* Main.storyboard */ = {
			isa = PBXVariantGroup;
			children = (
				40D491312BACE80C00E94F57 /* Base */,
			);
			name = Main.storyboard;
			sourceTree = "<group>";
		};
		40D491352BACE80D00E94F57 /* LaunchScreen.storyboard */ = {
			isa = PBXVariantGroup;
			children = (
				40D491362BACE80D00E94F57 /* Base */,
			);
			name = LaunchScreen.storyboard;
			sourceTree = "<group>";
		};
/* End PBXVariantGroup section */

/* Begin XCBuildConfiguration section */
		40D491392BACE80D00E94F57 /* Debug */ = {
			isa = XCBuildConfiguration;
			buildSettings = {
				ALWAYS_SEARCH_USER_PATHS = NO;
				ASSETCATALOG_COMPILER_GENERATE_SWIFT_ASSET_SYMBOL_EXTENSIONS = YES;
				CLANG_ANALYZER_NONNULL = YES;
				CLANG_ANALYZER_NUMBER_OBJECT_CONVERSION = YES_AGGRESSIVE;
				CLANG_CXX_LANGUAGE_STANDARD = "gnu++20";
				CLANG_ENABLE_MODULES = YES;
				CLANG_ENABLE_OBJC_ARC = YES;
				CLANG_ENABLE_OBJC_WEAK = YES;
				CLANG_WARN_BLOCK_CAPTURE_AUTORELEASING = YES;
				CLANG_WARN_BOOL_CONVERSION = YES;
				CLANG_WARN_COMMA = YES;
				CLANG_WARN_CONSTANT_CONVERSION = YES;
				CLANG_WARN_DEPRECATED_OBJC_IMPLEMENTATIONS = YES;
				CLANG_WARN_DIRECT_OBJC_ISA_USAGE = YES_ERROR;
				CLANG_WARN_DOCUMENTATION_COMMENTS = YES;
				CLANG_WARN_EMPTY_BODY = YES;
				CLANG_WARN_ENUM_CONVERSION = YES;
				CLANG_WARN_INFINITE_RECURSION = YES;
				CLANG_WARN_INT_CONVERSION = YES;
				CLANG_WARN_NON_LITERAL_NULL_CONVERSION = YES;
				CLANG_WARN_OBJC_IMPLICIT_RETAIN_SELF = YES;
				CLANG_WARN_OBJC_LITERAL_CONVERSION = YES;
				CLANG_WARN_OBJC_ROOT_CLASS = YES_ERROR;
				CLANG_WARN_QUOTED_INCLUDE_IN_FRAMEWORK_HEADER = YES;
				CLANG_WARN_RANGE_LOOP_ANALYSIS = YES;
				CLANG_WARN_STRICT_PROTOTYPES = YES;
				CLANG_WARN_SUSPICIOUS_MOVE = YES;
				CLANG_WARN_UNGUARDED_AVAILABILITY = YES_AGGRESSIVE;
				CLANG_WARN_UNREACHABLE_CODE = YES;
				CLANG_WARN__DUPLICATE_METHOD_MATCH = YES;
				COPY_PHASE_STRIP = NO;
				DEBUG_INFORMATION_FORMAT = dwarf;
				ENABLE_STRICT_OBJC_MSGSEND = YES;
				ENABLE_TESTABILITY = YES;
				ENABLE_USER_SCRIPT_SANDBOXING = YES;
				GCC_C_LANGUAGE_STANDARD = gnu17;
				GCC_DYNAMIC_NO_PIC = NO;
				GCC_NO_COMMON_BLOCKS = YES;
				GCC_OPTIMIZATION_LEVEL = 0;
				GCC_PREPROCESSOR_DEFINITIONS = (
					"DEBUG=1",
					"$(inherited)",
				);
				GCC_WARN_64_TO_32_BIT_CONVERSION = YES;
				GCC_WARN_ABOUT_RETURN_TYPE = YES_ERROR;
				GCC_WARN_UNDECLARED_SELECTOR = YES;
				GCC_WARN_UNINITIALIZED_AUTOS = YES_AGGRESSIVE;
				GCC_WARN_UNUSED_FUNCTION = YES;
				GCC_WARN_UNUSED_VARIABLE = YES;
				IPHONEOS_DEPLOYMENT_TARGET = 17.4;
				LOCALIZATION_PREFERS_STRING_CATALOGS = YES;
				MTL_ENABLE_DEBUG_INFO = INCLUDE_SOURCE;
				MTL_FAST_MATH = YES;
				ONLY_ACTIVE_ARCH = YES;
				SDKROOT = iphoneos;
				SWIFT_ACTIVE_COMPILATION_CONDITIONS = "DEBUG $(inherited)";
				SWIFT_OPTIMIZATION_LEVEL = "-Onone";
			};
			name = Debug;
		};
		40D4913A2BACE80D00E94F57 /* Release */ = {
			isa = XCBuildConfiguration;
			buildSettings = {
				ALWAYS_SEARCH_USER_PATHS = NO;
				ASSETCATALOG_COMPILER_GENERATE_SWIFT_ASSET_SYMBOL_EXTENSIONS = YES;
				CLANG_ANALYZER_NONNULL = YES;
				CLANG_ANALYZER_NUMBER_OBJECT_CONVERSION = YES_AGGRESSIVE;
				CLANG_CXX_LANGUAGE_STANDARD = "gnu++20";
				CLANG_ENABLE_MODULES = YES;
				CLANG_ENABLE_OBJC_ARC = YES;
				CLANG_ENABLE_OBJC_WEAK = YES;
				CLANG_WARN_BLOCK_CAPTURE_AUTORELEASING = YES;
				CLANG_WARN_BOOL_CONVERSION = YES;
				CLANG_WARN_COMMA = YES;
				CLANG_WARN_CONSTANT_CONVERSION = YES;
				CLANG_WARN_DEPRECATED_OBJC_IMPLEMENTATIONS = YES;
				CLANG_WARN_DIRECT_OBJC_ISA_USAGE = YES_ERROR;
				CLANG_WARN_DOCUMENTATION_COMMENTS = YES;
				CLANG_WARN_EMPTY_BODY = YES;
				CLANG_WARN_ENUM_CONVERSION = YES;
				CLANG_WARN_INFINITE_RECURSION = YES;
				CLANG_WARN_INT_CONVERSION = YES;
				CLANG_WARN_NON_LITERAL_NULL_CONVERSION = YES;
				CLANG_WARN_OBJC_IMPLICIT_RETAIN_SELF = YES;
				CLANG_WARN_OBJC_LITERAL_CONVERSION = YES;
				CLANG_WARN_OBJC_ROOT_CLASS = YES_ERROR;
				CLANG_WARN_QUOTED_INCLUDE_IN_FRAMEWORK_HEADER = YES;
				CLANG_WARN_RANGE_LOOP_ANALYSIS = YES;
				CLANG_WARN_STRICT_PROTOTYPES = YES;
				CLANG_WARN_SUSPICIOUS_MOVE = YES;
				CLANG_WARN_UNGUARDED_AVAILABILITY = YES_AGGRESSIVE;
				CLANG_WARN_UNREACHABLE_CODE = YES;
				CLANG_WARN__DUPLICATE_METHOD_MATCH = YES;
				COPY_PHASE_STRIP = NO;
				DEBUG_INFORMATION_FORMAT = "dwarf-with-dsym";
				ENABLE_NS_ASSERTIONS = NO;
				ENABLE_STRICT_OBJC_MSGSEND = YES;
				ENABLE_USER_SCRIPT_SANDBOXING = YES;
				GCC_C_LANGUAGE_STANDARD = gnu17;
				GCC_NO_COMMON_BLOCKS = YES;
				GCC_WARN_64_TO_32_BIT_CONVERSION = YES;
				GCC_WARN_ABOUT_RETURN_TYPE = YES_ERROR;
				GCC_WARN_UNDECLARED_SELECTOR = YES;
				GCC_WARN_UNINITIALIZED_AUTOS = YES_AGGRESSIVE;
				GCC_WARN_UNUSED_FUNCTION = YES;
				GCC_WARN_UNUSED_VARIABLE = YES;
				IPHONEOS_DEPLOYMENT_TARGET = 17.4;
				LOCALIZATION_PREFERS_STRING_CATALOGS = YES;
				MTL_ENABLE_DEBUG_INFO = NO;
				MTL_FAST_MATH = YES;
				SDKROOT = iphoneos;
				SWIFT_COMPILATION_MODE = wholemodule;
				VALIDATE_PRODUCT = YES;
			};
			name = Release;
		};
		40D4913C2BACE80D00E94F57 /* Debug */ = {
			isa = XCBuildConfiguration;
			buildSettings = {
				ASSETCATALOG_COMPILER_APPICON_NAME = AppIcon;
				ASSETCATALOG_COMPILER_GLOBAL_ACCENT_COLOR_NAME = AccentColor;
				CODE_SIGN_STYLE = Automatic;
				CURRENT_PROJECT_VERSION = 1;
				DEVELOPMENT_TEAM = 7D5NSCKVH8;
				GENERATE_INFOPLIST_FILE = YES;
				INFOPLIST_FILE = SportsMeetups/Info.plist;
				INFOPLIST_KEY_LSApplicationCategoryType = "\"\"";
				INFOPLIST_KEY_UIApplicationSupportsIndirectInputEvents = YES;
				INFOPLIST_KEY_UILaunchStoryboardName = LaunchScreen;
				INFOPLIST_KEY_UIMainStoryboardFile = Main;
				INFOPLIST_KEY_UISupportedInterfaceOrientations_iPad = "UIInterfaceOrientationPortrait UIInterfaceOrientationPortraitUpsideDown UIInterfaceOrientationLandscapeLeft UIInterfaceOrientationLandscapeRight";
				INFOPLIST_KEY_UISupportedInterfaceOrientations_iPhone = "UIInterfaceOrientationPortrait UIInterfaceOrientationLandscapeLeft UIInterfaceOrientationLandscapeRight";
				LD_RUNPATH_SEARCH_PATHS = (
					"$(inherited)",
					"@executable_path/Frameworks",
				);
				MARKETING_VERSION = 1.0;
				PRODUCT_BUNDLE_IDENTIFIER = chelsg.SportsMeetups;
				PRODUCT_NAME = "$(TARGET_NAME)";
				SWIFT_EMIT_LOC_STRINGS = YES;
				SWIFT_VERSION = 5.0;
				TARGETED_DEVICE_FAMILY = "1,2";
			};
			name = Debug;
		};
		40D4913D2BACE80D00E94F57 /* Release */ = {
			isa = XCBuildConfiguration;
			buildSettings = {
				ASSETCATALOG_COMPILER_APPICON_NAME = AppIcon;
				ASSETCATALOG_COMPILER_GLOBAL_ACCENT_COLOR_NAME = AccentColor;
				CODE_SIGN_STYLE = Automatic;
				CURRENT_PROJECT_VERSION = 1;
				DEVELOPMENT_TEAM = 7D5NSCKVH8;
				GENERATE_INFOPLIST_FILE = YES;
				INFOPLIST_FILE = SportsMeetups/Info.plist;
				INFOPLIST_KEY_LSApplicationCategoryType = "\"\"";
				INFOPLIST_KEY_UIApplicationSupportsIndirectInputEvents = YES;
				INFOPLIST_KEY_UILaunchStoryboardName = LaunchScreen;
				INFOPLIST_KEY_UIMainStoryboardFile = Main;
				INFOPLIST_KEY_UISupportedInterfaceOrientations_iPad = "UIInterfaceOrientationPortrait UIInterfaceOrientationPortraitUpsideDown UIInterfaceOrientationLandscapeLeft UIInterfaceOrientationLandscapeRight";
				INFOPLIST_KEY_UISupportedInterfaceOrientations_iPhone = "UIInterfaceOrientationPortrait UIInterfaceOrientationLandscapeLeft UIInterfaceOrientationLandscapeRight";
				LD_RUNPATH_SEARCH_PATHS = (
					"$(inherited)",
					"@executable_path/Frameworks",
				);
				MARKETING_VERSION = 1.0;
				PRODUCT_BUNDLE_IDENTIFIER = chelsg.SportsMeetups;
				PRODUCT_NAME = "$(TARGET_NAME)";
				SWIFT_EMIT_LOC_STRINGS = YES;
				SWIFT_VERSION = 5.0;
				TARGETED_DEVICE_FAMILY = "1,2";
			};
			name = Release;
		};
/* End XCBuildConfiguration section */

/* Begin XCConfigurationList section */
		40D491222BACE80C00E94F57 /* Build configuration list for PBXProject "SportsMeetups" */ = {
			isa = XCConfigurationList;
			buildConfigurations = (
				40D491392BACE80D00E94F57 /* Debug */,
				40D4913A2BACE80D00E94F57 /* Release */,
			);
			defaultConfigurationIsVisible = 0;
			defaultConfigurationName = Release;
		};
		40D4913B2BACE80D00E94F57 /* Build configuration list for PBXNativeTarget "SportsMeetups" */ = {
			isa = XCConfigurationList;
			buildConfigurations = (
				40D4913C2BACE80D00E94F57 /* Debug */,
				40D4913D2BACE80D00E94F57 /* Release */,
			);
			defaultConfigurationIsVisible = 0;
			defaultConfigurationName = Release;
		};
/* End XCConfigurationList section */

/* Begin XCRemoteSwiftPackageReference section */
		40D4913E2BB09C6F00E94F57 /* XCRemoteSwiftPackageReference "Alamofire" */ = {
			isa = XCRemoteSwiftPackageReference;
			repositoryURL = "https://github.com/Alamofire/Alamofire";
			requirement = {
				kind = upToNextMajorVersion;
				minimumVersion = 5.9.0;
			};
		};
		40D491432BB09C7900E94F57 /* XCRemoteSwiftPackageReference "Parse-Swift" */ = {
			isa = XCRemoteSwiftPackageReference;
			repositoryURL = "https://github.com/parse-community/Parse-Swift";
			requirement = {
				kind = upToNextMajorVersion;
				minimumVersion = 4.14.2;
			};
		};
		40D491462BB09C8200E94F57 /* XCRemoteSwiftPackageReference "AlamofireImage" */ = {
			isa = XCRemoteSwiftPackageReference;
			repositoryURL = "https://github.com/Alamofire/AlamofireImage";
			requirement = {
				kind = upToNextMajorVersion;
				minimumVersion = 4.3.0;
			};
		};
		40D491492BB09CBC00E94F57 /* XCRemoteSwiftPackageReference "Parse-SDK-iOS-OSX" */ = {
			isa = XCRemoteSwiftPackageReference;
			repositoryURL = "https://github.com/parse-community/Parse-SDK-iOS-OSX";
			requirement = {
				kind = upToNextMajorVersion;
				minimumVersion = 2.7.3;
			};
		};
/* End XCRemoteSwiftPackageReference section */

/* Begin XCSwiftPackageProductDependency section */
		40D4913F2BB09C6F00E94F57 /* Alamofire */ = {
			isa = XCSwiftPackageProductDependency;
			package = 40D4913E2BB09C6F00E94F57 /* XCRemoteSwiftPackageReference "Alamofire" */;
			productName = Alamofire;
		};
		40D491412BB09C6F00E94F57 /* AlamofireDynamic */ = {
			isa = XCSwiftPackageProductDependency;
			package = 40D4913E2BB09C6F00E94F57 /* XCRemoteSwiftPackageReference "Alamofire" */;
			productName = AlamofireDynamic;
		};
		40D491442BB09C7900E94F57 /* ParseSwift */ = {
			isa = XCSwiftPackageProductDependency;
			package = 40D491432BB09C7900E94F57 /* XCRemoteSwiftPackageReference "Parse-Swift" */;
			productName = ParseSwift;
		};
		40D491472BB09C8200E94F57 /* AlamofireImage */ = {
			isa = XCSwiftPackageProductDependency;
			package = 40D491462BB09C8200E94F57 /* XCRemoteSwiftPackageReference "AlamofireImage" */;
			productName = AlamofireImage;
		};
/* End XCSwiftPackageProductDependency section */
	};
	rootObject = 40D4911F2BACE80C00E94F57 /* Project object */;
}
